
Microsoft Visual Studio Solution File, Format Version 12.00
# Visual Studio Version 17
VisualStudioVersion = 17.1.32319.34
MinimumVisualStudioVersion = 10.0.40219.1
Project("{9A19103F-16F7-4668-BE54-9A1E7A4F7556}") = "EX2", "EX2\EX2.csproj", "{FDA55296-7DE7-4204-87B4-D75660A2B57B}"
EndProject
Global
	GlobalSection(SolutionConfigurationPlatforms) = preSolution
		Debug|Any CPU = Debug|Any CPU
		Release|Any CPU = Release|Any CPU
	EndGlobalSection
	GlobalSection(ProjectConfigurationPlatforms) = postSolution
		{FDA55296-7DE7-4204-87B4-D75660A2B57B}.Debug|Any CPU.ActiveCfg = Debug|Any CPU
		{FDA55296-7DE7-4204-87B4-D75660A2B57B}.Debug|Any CPU.Build.0 = Debug|Any CPU
		{FDA55296-7DE7-4204-87B4-D75660A2B57B}.Release|Any CPU.ActiveCfg = Release|Any CPU
		{FDA55296-7DE7-4204-87B4-D75660A2B57B}.Release|Any CPU.Build.0 = Release|Any CPU
	EndGlobalSection
	GlobalSection(SolutionProperties) = preSolution
		HideSolutionNode = FALSE
	EndGlobalSection
	GlobalSection(ExtensibilityGlobals) = postSolution
		SolutionGuid = {D76B1E41-98EC-4F01-9F31-BA826215A7AD}
	EndGlobalSection
EndGlobal
