
Microsoft Visual Studio Solution File, Format Version 12.00
# Visual Studio Version 17
VisualStudioVersion = 17.1.32319.34
MinimumVisualStudioVersion = 10.0.40219.1
Project("{FAE04EC0-301F-11D3-BF4B-00C04F79EFBC}") = "HW", "HW\HW.csproj", "{3331D8A8-7B3F-4C34-B567-64ACB3500ECC}"
EndProject
Global
	GlobalSection(SolutionConfigurationPlatforms) = preSolution
		Debug|Any CPU = Debug|Any CPU
		Release|Any CPU = Release|Any CPU
	EndGlobalSection
	GlobalSection(ProjectConfigurationPlatforms) = postSolution
		{3331D8A8-7B3F-4C34-B567-64ACB3500ECC}.Debug|Any CPU.ActiveCfg = Debug|Any CPU
		{3331D8A8-7B3F-4C34-B567-64ACB3500ECC}.Debug|Any CPU.Build.0 = Debug|Any CPU
		{3331D8A8-7B3F-4C34-B567-64ACB3500ECC}.Release|Any CPU.ActiveCfg = Release|Any CPU
		{3331D8A8-7B3F-4C34-B567-64ACB3500ECC}.Release|Any CPU.Build.0 = Release|Any CPU
	EndGlobalSection
	GlobalSection(SolutionProperties) = preSolution
		HideSolutionNode = FALSE
	EndGlobalSection
	GlobalSection(ExtensibilityGlobals) = postSolution
		SolutionGuid = {E010D119-5550-4EE6-80A3-1F5862DAE516}
	EndGlobalSection
EndGlobal
